
Microsoft Visual Studio Solution File, Format Version 12.00
# Visual Studio Version 17
VisualStudioVersion = 17.8.34322.80
MinimumVisualStudioVersion = 10.0.40219.1
Project("{FAE04EC0-301F-11D3-BF4B-00C04F79EFBC}") = "Calculator", "Calculator\Calculator.csproj", "{744C6DE2-518D-45CE-BE84-3957A86BAABD}"
EndProject
Project("{FAE04EC0-301F-11D3-BF4B-00C04F79EFBC}") = "CalculatorTests", "CalculatorTests\CalculatorTests.csproj", "{9709BFFA-F53A-4732-8281-FAB5BF8B388A}"
EndProject
Global
	GlobalSection(SolutionConfigurationPlatforms) = preSolution
		Debug|Any CPU = Debug|Any CPU
		Release|Any CPU = Release|Any CPU
	EndGlobalSection
	GlobalSection(ProjectConfigurationPlatforms) = postSolution
		{744C6DE2-518D-45CE-BE84-3957A86BAABD}.Debug|Any CPU.ActiveCfg = Debug|Any CPU
		{744C6DE2-518D-45CE-BE84-3957A86BAABD}.Debug|Any CPU.Build.0 = Debug|Any CPU
		{744C6DE2-518D-45CE-BE84-3957A86BAABD}.Release|Any CPU.ActiveCfg = Release|Any CPU
		{744C6DE2-518D-45CE-BE84-3957A86BAABD}.Release|Any CPU.Build.0 = Release|Any CPU
		{9709BFFA-F53A-4732-8281-FAB5BF8B388A}.Debug|Any CPU.ActiveCfg = Debug|Any CPU
		{9709BFFA-F53A-4732-8281-FAB5BF8B388A}.Debug|Any CPU.Build.0 = Debug|Any CPU
		{9709BFFA-F53A-4732-8281-FAB5BF8B388A}.Release|Any CPU.ActiveCfg = Release|Any CPU
		{9709BFFA-F53A-4732-8281-FAB5BF8B388A}.Release|Any CPU.Build.0 = Release|Any CPU
	EndGlobalSection
	GlobalSection(SolutionProperties) = preSolution
		HideSolutionNode = FALSE
	EndGlobalSection
	GlobalSection(ExtensibilityGlobals) = postSolution
		SolutionGuid = {E887F2D4-A9CB-46DD-8F53-A81C5CEAC581}
	EndGlobalSection
EndGlobal
